
Microsoft Visual Studio Solution File, Format Version 12.00
# Visual Studio Version 17
VisualStudioVersion = 17.12.35514.174
MinimumVisualStudioVersion = 10.0.40219.1
Project("{FAE04EC0-301F-11D3-BF4B-00C04F79EFBC}") = "QLR", "QuanLyDV\QLR.csproj", "{5CDF0005-884B-4E2C-8137-2C7B3314D8AE}"
EndProject
Project("{2150E333-8FDC-42A3-9474-1A3956D46DE8}") = "Solution Items", "Solution Items", "{7CD62375-1FB4-4BC7-8020-A678DCA24C6A}"
EndProject
Global
	GlobalSection(SolutionConfigurationPlatforms) = preSolution
		Debug|Any CPU = Debug|Any CPU
		Release|Any CPU = Release|Any CPU
	EndGlobalSection
	GlobalSection(ProjectConfigurationPlatforms) = postSolution
		{5CDF0005-884B-4E2C-8137-2C7B3314D8AE}.Debug|Any CPU.ActiveCfg = Debug|Any CPU
		{5CDF0005-884B-4E2C-8137-2C7B3314D8AE}.Debug|Any CPU.Build.0 = Debug|Any CPU
		{5CDF0005-884B-4E2C-8137-2C7B3314D8AE}.Release|Any CPU.ActiveCfg = Release|Any CPU
		{5CDF0005-884B-4E2C-8137-2C7B3314D8AE}.Release|Any CPU.Build.0 = Release|Any CPU
	EndGlobalSection
	GlobalSection(SolutionProperties) = preSolution
		HideSolutionNode = FALSE
	EndGlobalSection
EndGlobal
